
Microsoft Visual Studio Solution File, Format Version 11.00
# Visual Studio 2010
Project("{FAE04EC0-301F-11D3-BF4B-00C04F79EFBC}") = "ArcgisApp", "ArcgisApp\ArcgisApp.csproj", "{BA942EB3-A227-42A8-8CDF-8741B0F7E668}"
EndProject
Global
	GlobalSection(SolutionConfigurationPlatforms) = preSolution
		Debug|x86 = Debug|x86
		Release|x86 = Release|x86
	EndGlobalSection
	GlobalSection(ProjectConfigurationPlatforms) = postSolution
		{BA942EB3-A227-42A8-8CDF-8741B0F7E668}.Debug|x86.ActiveCfg = Debug|x86
		{BA942EB3-A227-42A8-8CDF-8741B0F7E668}.Debug|x86.Build.0 = Debug|x86
		{BA942EB3-A227-42A8-8CDF-8741B0F7E668}.Release|x86.ActiveCfg = Release|x86
		{BA942EB3-A227-42A8-8CDF-8741B0F7E668}.Release|x86.Build.0 = Release|x86
	EndGlobalSection
	GlobalSection(SolutionProperties) = preSolution
		HideSolutionNode = FALSE
	EndGlobalSection
EndGlobal
